// !$*UTF8*$!
{
	archiveVersion = 1;
	classes = {
	};
	objectVersion = 46;
	objects = {

/* Begin PBXBuildFile section */
		7091A5A319CD3F8800ED80A0 /* Foundation.framework in Frameworks */ = {isa = PBXBuildFile; fileRef = 7091A5A219CD3F8800ED80A0 /* Foundation.framework */; };
		7091A5A519CD3F8800ED80A0 /* CoreGraphics.framework in Frameworks */ = {isa = PBXBuildFile; fileRef = 7091A5A419CD3F8800ED80A0 /* CoreGraphics.framework */; };
		7091A5A719CD3F8800ED80A0 /* UIKit.framework in Frameworks */ = {isa = PBXBuildFile; fileRef = 7091A5A619CD3F8800ED80A0 /* UIKit.framework */; };
		7091A5AD19CD3F8800ED80A0 /* InfoPlist.strings in Resources */ = {isa = PBXBuildFile; fileRef = 7091A5AB19CD3F8800ED80A0 /* InfoPlist.strings */; };
		7091A5AF19CD3F8800ED80A0 /* main.m in Sources */ = {isa = PBXBuildFile; fileRef = 7091A5AE19CD3F8800ED80A0 /* main.m */; };
		7091A5B519CD3F8800ED80A0 /* Images.xcassets in Resources */ = {isa = PBXBuildFile; fileRef = 7091A5B419CD3F8800ED80A0 /* Images.xcassets */; };
		7091A5BC19CD3F8800ED80A0 /* XCTest.framework in Frameworks */ = {isa = PBXBuildFile; fileRef = 7091A5BB19CD3F8800ED80A0 /* XCTest.framework */; };
		7091A5BD19CD3F8800ED80A0 /* Foundation.framework in Frameworks */ = {isa = PBXBuildFile; fileRef = 7091A5A219CD3F8800ED80A0 /* Foundation.framework */; };
		7091A5BE19CD3F8800ED80A0 /* UIKit.framework in Frameworks */ = {isa = PBXBuildFile; fileRef = 7091A5A619CD3F8800ED80A0 /* UIKit.framework */; };
		7091A5C619CD3F8800ED80A0 /* InfoPlist.strings in Resources */ = {isa = PBXBuildFile; fileRef = 7091A5C419CD3F8800ED80A0 /* InfoPlist.strings */; };
		7091A5C819CD3F8800ED80A0 /* CasaTests.m in Sources */ = {isa = PBXBuildFile; fileRef = 7091A5C719CD3F8800ED80A0 /* CasaTests.m */; };
		7091A5D419CD420900ED80A0 /* CASAppDelegate.m in Sources */ = {isa = PBXBuildFile; fileRef = 7091A5D319CD420900ED80A0 /* CASAppDelegate.m */; };
		7091A5DA19CD475900ED80A0 /* CASGeoPoint.m in Sources */ = {isa = PBXBuildFile; fileRef = 7091A5D919CD475900ED80A0 /* CASGeoPoint.m */; };
		7091A5DD19CD5CFC00ED80A0 /* CASSublet.m in Sources */ = {isa = PBXBuildFile; fileRef = 7091A5DC19CD5CFC00ED80A0 /* CASSublet.m */; };
		7091A5E019CD5D1200ED80A0 /* CASToken.m in Sources */ = {isa = PBXBuildFile; fileRef = 7091A5DF19CD5D1200ED80A0 /* CASToken.m */; };
		7091A5E619CD5D2900ED80A0 /* CASUser.m in Sources */ = {isa = PBXBuildFile; fileRef = 7091A5E519CD5D2900ED80A0 /* CASUser.m */; };
		7091A5EC19CD672B00ED80A0 /* CASHTTPAPIClient.m in Sources */ = {isa = PBXBuildFile; fileRef = 7091A5EB19CD672B00ED80A0 /* CASHTTPAPIClient.m */; };
		7091A5F219CD786400ED80A0 /* CASAPIClient.m in Sources */ = {isa = PBXBuildFile; fileRef = 7091A5F119CD786400ED80A0 /* CASAPIClient.m */; };
		7091A5F819CD7DAC00ED80A0 /* CASUserService.m in Sources */ = {isa = PBXBuildFile; fileRef = 7091A5F719CD7DAC00ED80A0 /* CASUserService.m */; };
		7091A5FF19CD8DA500ED80A0 /* CASSubletService.m in Sources */ = {isa = PBXBuildFile; fileRef = 7091A5FE19CD8DA500ED80A0 /* CASSubletService.m */; };
		7091A60219CD904700ED80A0 /* CASSubletQuery.m in Sources */ = {isa = PBXBuildFile; fileRef = 7091A60119CD904700ED80A0 /* CASSubletQuery.m */; };
		74C2252FF319477FAA5DCE2F /* libPods-Casa.a in Frameworks */ = {isa = PBXBuildFile; fileRef = 4C43D1C98C554012B275A41E /* libPods-Casa.a */; };
/* End PBXBuildFile section */

/* Begin PBXContainerItemProxy section */
		7091A5BF19CD3F8800ED80A0 /* PBXContainerItemProxy */ = {
			isa = PBXContainerItemProxy;
			containerPortal = 7091A59719CD3F8800ED80A0 /* Project object */;
			proxyType = 1;
			remoteGlobalIDString = 7091A59E19CD3F8800ED80A0;
			remoteInfo = Casa;
		};
/* End PBXContainerItemProxy section */

/* Begin PBXFileReference section */
		4C43D1C98C554012B275A41E /* libPods-Casa.a */ = {isa = PBXFileReference; explicitFileType = archive.ar; includeInIndex = 0; path = "libPods-Casa.a"; sourceTree = BUILT_PRODUCTS_DIR; };
		7091A59F19CD3F8800ED80A0 /* Casa.app */ = {isa = PBXFileReference; explicitFileType = wrapper.application; includeInIndex = 0; path = Casa.app; sourceTree = BUILT_PRODUCTS_DIR; };
		7091A5A219CD3F8800ED80A0 /* Foundation.framework */ = {isa = PBXFileReference; lastKnownFileType = wrapper.framework; name = Foundation.framework; path = System/Library/Frameworks/Foundation.framework; sourceTree = SDKROOT; };
		7091A5A419CD3F8800ED80A0 /* CoreGraphics.framework */ = {isa = PBXFileReference; lastKnownFileType = wrapper.framework; name = CoreGraphics.framework; path = System/Library/Frameworks/CoreGraphics.framework; sourceTree = SDKROOT; };
		7091A5A619CD3F8800ED80A0 /* UIKit.framework */ = {isa = PBXFileReference; lastKnownFileType = wrapper.framework; name = UIKit.framework; path = System/Library/Frameworks/UIKit.framework; sourceTree = SDKROOT; };
		7091A5AA19CD3F8800ED80A0 /* Casa-Info.plist */ = {isa = PBXFileReference; lastKnownFileType = text.plist.xml; path = "Casa-Info.plist"; sourceTree = "<group>"; };
		7091A5AC19CD3F8800ED80A0 /* en */ = {isa = PBXFileReference; lastKnownFileType = text.plist.strings; name = en; path = en.lproj/InfoPlist.strings; sourceTree = "<group>"; };
		7091A5AE19CD3F8800ED80A0 /* main.m */ = {isa = PBXFileReference; lastKnownFileType = sourcecode.c.objc; path = main.m; sourceTree = "<group>"; };
		7091A5B019CD3F8800ED80A0 /* Casa-Prefix.pch */ = {isa = PBXFileReference; lastKnownFileType = sourcecode.c.h; path = "Casa-Prefix.pch"; sourceTree = "<group>"; };
		7091A5B419CD3F8800ED80A0 /* Images.xcassets */ = {isa = PBXFileReference; lastKnownFileType = folder.assetcatalog; path = Images.xcassets; sourceTree = "<group>"; };
		7091A5BA19CD3F8800ED80A0 /* CasaTests.xctest */ = {isa = PBXFileReference; explicitFileType = wrapper.cfbundle; includeInIndex = 0; path = CasaTests.xctest; sourceTree = BUILT_PRODUCTS_DIR; };
		7091A5BB19CD3F8800ED80A0 /* XCTest.framework */ = {isa = PBXFileReference; lastKnownFileType = wrapper.framework; name = XCTest.framework; path = Library/Frameworks/XCTest.framework; sourceTree = DEVELOPER_DIR; };
		7091A5C319CD3F8800ED80A0 /* CasaTests-Info.plist */ = {isa = PBXFileReference; lastKnownFileType = text.plist.xml; path = "CasaTests-Info.plist"; sourceTree = "<group>"; };
		7091A5C519CD3F8800ED80A0 /* en */ = {isa = PBXFileReference; lastKnownFileType = text.plist.strings; name = en; path = en.lproj/InfoPlist.strings; sourceTree = "<group>"; };
		7091A5C719CD3F8800ED80A0 /* CasaTests.m */ = {isa = PBXFileReference; lastKnownFileType = sourcecode.c.objc; path = CasaTests.m; sourceTree = "<group>"; };
		7091A5D219CD420900ED80A0 /* CASAppDelegate.h */ = {isa = PBXFileReference; fileEncoding = 4; lastKnownFileType = sourcecode.c.h; name = CASAppDelegate.h; path = AppDelegate/CASAppDelegate.h; sourceTree = "<group>"; };
		7091A5D319CD420900ED80A0 /* CASAppDelegate.m */ = {isa = PBXFileReference; fileEncoding = 4; lastKnownFileType = sourcecode.c.objc; name = CASAppDelegate.m; path = AppDelegate/CASAppDelegate.m; sourceTree = "<group>"; };
		7091A5D619CD42B700ED80A0 /* CASAPIClient.h */ = {isa = PBXFileReference; lastKnownFileType = sourcecode.c.h; name = CASAPIClient.h; path = Network/CASAPIClient.h; sourceTree = "<group>"; };
		7091A5D819CD475900ED80A0 /* CASGeoPoint.h */ = {isa = PBXFileReference; fileEncoding = 4; lastKnownFileType = sourcecode.c.h; name = CASGeoPoint.h; path = Model/CASGeoPoint.h; sourceTree = "<group>"; };
		7091A5D919CD475900ED80A0 /* CASGeoPoint.m */ = {isa = PBXFileReference; fileEncoding = 4; lastKnownFileType = sourcecode.c.objc; name = CASGeoPoint.m; path = Model/CASGeoPoint.m; sourceTree = "<group>"; };
		7091A5DB19CD5CFC00ED80A0 /* CASSublet.h */ = {isa = PBXFileReference; fileEncoding = 4; lastKnownFileType = sourcecode.c.h; name = CASSublet.h; path = Model/CASSublet.h; sourceTree = "<group>"; };
		7091A5DC19CD5CFC00ED80A0 /* CASSublet.m */ = {isa = PBXFileReference; fileEncoding = 4; lastKnownFileType = sourcecode.c.objc; name = CASSublet.m; path = Model/CASSublet.m; sourceTree = "<group>"; };
		7091A5DE19CD5D1200ED80A0 /* CASToken.h */ = {isa = PBXFileReference; fileEncoding = 4; lastKnownFileType = sourcecode.c.h; name = CASToken.h; path = Model/CASToken.h; sourceTree = "<group>"; };
		7091A5DF19CD5D1200ED80A0 /* CASToken.m */ = {isa = PBXFileReference; fileEncoding = 4; lastKnownFileType = sourcecode.c.objc; name = CASToken.m; path = Model/CASToken.m; sourceTree = "<group>"; };
		7091A5E419CD5D2900ED80A0 /* CASUser.h */ = {isa = PBXFileReference; fileEncoding = 4; lastKnownFileType = sourcecode.c.h; name = CASUser.h; path = Model/CASUser.h; sourceTree = "<group>"; };
		7091A5E519CD5D2900ED80A0 /* CASUser.m */ = {isa = PBXFileReference; fileEncoding = 4; lastKnownFileType = sourcecode.c.objc; name = CASUser.m; path = Model/CASUser.m; sourceTree = "<group>"; };
		7091A5EA19CD672B00ED80A0 /* CASHTTPAPIClient.h */ = {isa = PBXFileReference; fileEncoding = 4; lastKnownFileType = sourcecode.c.h; name = CASHTTPAPIClient.h; path = Network/CASHTTPAPIClient.h; sourceTree = "<group>"; };
		7091A5EB19CD672B00ED80A0 /* CASHTTPAPIClient.m */ = {isa = PBXFileReference; fileEncoding = 4; lastKnownFileType = sourcecode.c.objc; name = CASHTTPAPIClient.m; path = Network/CASHTTPAPIClient.m; sourceTree = "<group>"; };
		7091A5F119CD786400ED80A0 /* CASAPIClient.m */ = {isa = PBXFileReference; fileEncoding = 4; lastKnownFileType = sourcecode.c.objc; name = CASAPIClient.m; path = Network/CASAPIClient.m; sourceTree = "<group>"; };
		7091A5F619CD7DAC00ED80A0 /* CASUserService.h */ = {isa = PBXFileReference; fileEncoding = 4; lastKnownFileType = sourcecode.c.h; name = CASUserService.h; path = Services/CASUserService.h; sourceTree = "<group>"; };
		7091A5F719CD7DAC00ED80A0 /* CASUserService.m */ = {isa = PBXFileReference; fileEncoding = 4; lastKnownFileType = sourcecode.c.objc; name = CASUserService.m; path = Services/CASUserService.m; sourceTree = "<group>"; };
		7091A5FC19CD804700ED80A0 /* CASObjectState.h */ = {isa = PBXFileReference; lastKnownFileType = sourcecode.c.h; name = CASObjectState.h; path = Model/CASObjectState.h; sourceTree = "<group>"; };
		7091A5FD19CD8DA500ED80A0 /* CASSubletService.h */ = {isa = PBXFileReference; fileEncoding = 4; lastKnownFileType = sourcecode.c.h; name = CASSubletService.h; path = Services/CASSubletService.h; sourceTree = "<group>"; };
		7091A5FE19CD8DA500ED80A0 /* CASSubletService.m */ = {isa = PBXFileReference; fileEncoding = 4; lastKnownFileType = sourcecode.c.objc; name = CASSubletService.m; path = Services/CASSubletService.m; sourceTree = "<group>"; };
		7091A60019CD904700ED80A0 /* CASSubletQuery.h */ = {isa = PBXFileReference; fileEncoding = 4; lastKnownFileType = sourcecode.c.h; name = CASSubletQuery.h; path = Model/CASSubletQuery.h; sourceTree = "<group>"; };
		7091A60119CD904700ED80A0 /* CASSubletQuery.m */ = {isa = PBXFileReference; fileEncoding = 4; lastKnownFileType = sourcecode.c.objc; name = CASSubletQuery.m; path = Model/CASSubletQuery.m; sourceTree = "<group>"; };
		CCF9D5936FB2421EAFB4B595 /* Pods-Casa.xcconfig */ = {isa = PBXFileReference; includeInIndex = 1; lastKnownFileType = text.xcconfig; name = "Pods-Casa.xcconfig"; path = "Pods/Pods-Casa.xcconfig"; sourceTree = "<group>"; };
/* End PBXFileReference section */

/* Begin PBXFrameworksBuildPhase section */
		7091A59C19CD3F8800ED80A0 /* Frameworks */ = {
			isa = PBXFrameworksBuildPhase;
			buildActionMask = 2147483647;
			files = (
				7091A5A519CD3F8800ED80A0 /* CoreGraphics.framework in Frameworks */,
				7091A5A719CD3F8800ED80A0 /* UIKit.framework in Frameworks */,
				7091A5A319CD3F8800ED80A0 /* Foundation.framework in Frameworks */,
				74C2252FF319477FAA5DCE2F /* libPods-Casa.a in Frameworks */,
			);
			runOnlyForDeploymentPostprocessing = 0;
		};
		7091A5B719CD3F8800ED80A0 /* Frameworks */ = {
			isa = PBXFrameworksBuildPhase;
			buildActionMask = 2147483647;
			files = (
				7091A5BC19CD3F8800ED80A0 /* XCTest.framework in Frameworks */,
				7091A5BE19CD3F8800ED80A0 /* UIKit.framework in Frameworks */,
				7091A5BD19CD3F8800ED80A0 /* Foundation.framework in Frameworks */,
			);
			runOnlyForDeploymentPostprocessing = 0;
		};
/* End PBXFrameworksBuildPhase section */

/* Begin PBXGroup section */
		7091A59619CD3F8800ED80A0 = {
			isa = PBXGroup;
			children = (
				7091A5A819CD3F8800ED80A0 /* Casa */,
				7091A5C119CD3F8800ED80A0 /* CasaTests */,
				7091A5A119CD3F8800ED80A0 /* Frameworks */,
				7091A5A019CD3F8800ED80A0 /* Products */,
				CCF9D5936FB2421EAFB4B595 /* Pods-Casa.xcconfig */,
			);
			sourceTree = "<group>";
		};
		7091A5A019CD3F8800ED80A0 /* Products */ = {
			isa = PBXGroup;
			children = (
				7091A59F19CD3F8800ED80A0 /* Casa.app */,
				7091A5BA19CD3F8800ED80A0 /* CasaTests.xctest */,
			);
			name = Products;
			sourceTree = "<group>";
		};
		7091A5A119CD3F8800ED80A0 /* Frameworks */ = {
			isa = PBXGroup;
			children = (
				7091A5A219CD3F8800ED80A0 /* Foundation.framework */,
				7091A5A419CD3F8800ED80A0 /* CoreGraphics.framework */,
				7091A5A619CD3F8800ED80A0 /* UIKit.framework */,
				7091A5BB19CD3F8800ED80A0 /* XCTest.framework */,
				4C43D1C98C554012B275A41E /* libPods-Casa.a */,
			);
			name = Frameworks;
			sourceTree = "<group>";
		};
		7091A5A819CD3F8800ED80A0 /* Casa */ = {
			isa = PBXGroup;
			children = (
				7091A5D119CD41EB00ED80A0 /* AppDelegate */,
				7091A5D719CD46FA00ED80A0 /* Model */,
				7091A5D519CD421F00ED80A0 /* Network */,
				7091A5ED19CD746900ED80A0 /* Services */,
				7091A5B419CD3F8800ED80A0 /* Images.xcassets */,
				7091A5A919CD3F8800ED80A0 /* Supporting Files */,
			);
			path = Casa;
			sourceTree = "<group>";
		};
		7091A5A919CD3F8800ED80A0 /* Supporting Files */ = {
			isa = PBXGroup;
			children = (
				7091A5AA19CD3F8800ED80A0 /* Casa-Info.plist */,
				7091A5AB19CD3F8800ED80A0 /* InfoPlist.strings */,
				7091A5AE19CD3F8800ED80A0 /* main.m */,
				7091A5B019CD3F8800ED80A0 /* Casa-Prefix.pch */,
			);
			name = "Supporting Files";
			sourceTree = "<group>";
		};
		7091A5C119CD3F8800ED80A0 /* CasaTests */ = {
			isa = PBXGroup;
			children = (
				7091A5C719CD3F8800ED80A0 /* CasaTests.m */,
				7091A5C219CD3F8800ED80A0 /* Supporting Files */,
			);
			path = CasaTests;
			sourceTree = "<group>";
		};
		7091A5C219CD3F8800ED80A0 /* Supporting Files */ = {
			isa = PBXGroup;
			children = (
				7091A5C319CD3F8800ED80A0 /* CasaTests-Info.plist */,
				7091A5C419CD3F8800ED80A0 /* InfoPlist.strings */,
			);
			name = "Supporting Files";
			sourceTree = "<group>";
		};
		7091A5D119CD41EB00ED80A0 /* AppDelegate */ = {
			isa = PBXGroup;
			children = (
				7091A5D219CD420900ED80A0 /* CASAppDelegate.h */,
				7091A5D319CD420900ED80A0 /* CASAppDelegate.m */,
			);
			name = AppDelegate;
			sourceTree = "<group>";
		};
		7091A5D519CD421F00ED80A0 /* Network */ = {
			isa = PBXGroup;
			children = (
				7091A5D619CD42B700ED80A0 /* CASAPIClient.h */,
				7091A5F119CD786400ED80A0 /* CASAPIClient.m */,
				7091A5EA19CD672B00ED80A0 /* CASHTTPAPIClient.h */,
				7091A5EB19CD672B00ED80A0 /* CASHTTPAPIClient.m */,
			);
			name = Network;
			sourceTree = "<group>";
		};
		7091A5D719CD46FA00ED80A0 /* Model */ = {
			isa = PBXGroup;
			children = (
				7091A5D819CD475900ED80A0 /* CASGeoPoint.h */,
				7091A5D919CD475900ED80A0 /* CASGeoPoint.m */,
				7091A5FC19CD804700ED80A0 /* CASObjectState.h */,
				7091A5DB19CD5CFC00ED80A0 /* CASSublet.h */,
				7091A5DC19CD5CFC00ED80A0 /* CASSublet.m */,
				7091A60019CD904700ED80A0 /* CASSubletQuery.h */,
				7091A60119CD904700ED80A0 /* CASSubletQuery.m */,
				7091A5DE19CD5D1200ED80A0 /* CASToken.h */,
				7091A5DF19CD5D1200ED80A0 /* CASToken.m */,
				7091A5E419CD5D2900ED80A0 /* CASUser.h */,
				7091A5E519CD5D2900ED80A0 /* CASUser.m */,
			);
			name = Model;
			sourceTree = "<group>";
		};
		7091A5ED19CD746900ED80A0 /* Services */ = {
			isa = PBXGroup;
			children = (
				7091A5FD19CD8DA500ED80A0 /* CASSubletService.h */,
				7091A5FE19CD8DA500ED80A0 /* CASSubletService.m */,
				7091A5F619CD7DAC00ED80A0 /* CASUserService.h */,
				7091A5F719CD7DAC00ED80A0 /* CASUserService.m */,
			);
			name = Services;
			sourceTree = "<group>";
		};
/* End PBXGroup section */

/* Begin PBXNativeTarget section */
		7091A59E19CD3F8800ED80A0 /* Casa */ = {
			isa = PBXNativeTarget;
			buildConfigurationList = 7091A5CB19CD3F8800ED80A0 /* Build configuration list for PBXNativeTarget "Casa" */;
			buildPhases = (
				08C5E0A502194170A279A1CF /* Check Pods Manifest.lock */,
				7091A59B19CD3F8800ED80A0 /* Sources */,
				7091A59C19CD3F8800ED80A0 /* Frameworks */,
				7091A59D19CD3F8800ED80A0 /* Resources */,
				2987A0F4FF6249339B5D32EE /* Copy Pods Resources */,
			);
			buildRules = (
			);
			dependencies = (
			);
			name = Casa;
			productName = Casa;
			productReference = 7091A59F19CD3F8800ED80A0 /* Casa.app */;
			productType = "com.apple.product-type.application";
		};
		7091A5B919CD3F8800ED80A0 /* CasaTests */ = {
			isa = PBXNativeTarget;
			buildConfigurationList = 7091A5CE19CD3F8800ED80A0 /* Build configuration list for PBXNativeTarget "CasaTests" */;
			buildPhases = (
				7091A5B619CD3F8800ED80A0 /* Sources */,
				7091A5B719CD3F8800ED80A0 /* Frameworks */,
				7091A5B819CD3F8800ED80A0 /* Resources */,
			);
			buildRules = (
			);
			dependencies = (
				7091A5C019CD3F8800ED80A0 /* PBXTargetDependency */,
			);
			name = CasaTests;
			productName = CasaTests;
			productReference = 7091A5BA19CD3F8800ED80A0 /* CasaTests.xctest */;
			productType = "com.apple.product-type.bundle.unit-test";
		};
/* End PBXNativeTarget section */

/* Begin PBXProject section */
		7091A59719CD3F8800ED80A0 /* Project object */ = {
			isa = PBXProject;
			attributes = {
				CLASSPREFIX = CAS;
				LastUpgradeCheck = 0510;
				ORGANIZATIONNAME = "Justin Sacbibit";
				TargetAttributes = {
					7091A5B919CD3F8800ED80A0 = {
						TestTargetID = 7091A59E19CD3F8800ED80A0;
					};
				};
			};
			buildConfigurationList = 7091A59A19CD3F8800ED80A0 /* Build configuration list for PBXProject "Casa" */;
			compatibilityVersion = "Xcode 3.2";
			developmentRegion = English;
			hasScannedForEncodings = 0;
			knownRegions = (
				en,
			);
			mainGroup = 7091A59619CD3F8800ED80A0;
			productRefGroup = 7091A5A019CD3F8800ED80A0 /* Products */;
			projectDirPath = "";
			projectRoot = "";
			targets = (
				7091A59E19CD3F8800ED80A0 /* Casa */,
				7091A5B919CD3F8800ED80A0 /* CasaTests */,
			);
		};
/* End PBXProject section */

/* Begin PBXResourcesBuildPhase section */
		7091A59D19CD3F8800ED80A0 /* Resources */ = {
			isa = PBXResourcesBuildPhase;
			buildActionMask = 2147483647;
			files = (
				7091A5AD19CD3F8800ED80A0 /* InfoPlist.strings in Resources */,
				7091A5B519CD3F8800ED80A0 /* Images.xcassets in Resources */,
			);
			runOnlyForDeploymentPostprocessing = 0;
		};
		7091A5B819CD3F8800ED80A0 /* Resources */ = {
			isa = PBXResourcesBuildPhase;
			buildActionMask = 2147483647;
			files = (
				7091A5C619CD3F8800ED80A0 /* InfoPlist.strings in Resources */,
			);
			runOnlyForDeploymentPostprocessing = 0;
		};
/* End PBXResourcesBuildPhase section */

/* Begin PBXShellScriptBuildPhase section */
		08C5E0A502194170A279A1CF /* Check Pods Manifest.lock */ = {
			isa = PBXShellScriptBuildPhase;
			buildActionMask = 2147483647;
			files = (
			);
			inputPaths = (
			);
			name = "Check Pods Manifest.lock";
			outputPaths = (
			);
			runOnlyForDeploymentPostprocessing = 0;
			shellPath = /bin/sh;
			shellScript = "diff \"${PODS_ROOT}/../Podfile.lock\" \"${PODS_ROOT}/Manifest.lock\" > /dev/null\nif [[ $? != 0 ]] ; then\n    cat << EOM\nerror: The sandbox is not in sync with the Podfile.lock. Run 'pod install' or update your CocoaPods installation.\nEOM\n    exit 1\nfi\n";
			showEnvVarsInLog = 0;
		};
		2987A0F4FF6249339B5D32EE /* Copy Pods Resources */ = {
			isa = PBXShellScriptBuildPhase;
			buildActionMask = 2147483647;
			files = (
			);
			inputPaths = (
			);
			name = "Copy Pods Resources";
			outputPaths = (
			);
			runOnlyForDeploymentPostprocessing = 0;
			shellPath = /bin/sh;
			shellScript = "\"${SRCROOT}/Pods/Pods-Casa-resources.sh\"\n";
			showEnvVarsInLog = 0;
		};
/* End PBXShellScriptBuildPhase section */

/* Begin PBXSourcesBuildPhase section */
		7091A59B19CD3F8800ED80A0 /* Sources */ = {
			isa = PBXSourcesBuildPhase;
			buildActionMask = 2147483647;
			files = (
				7091A5E619CD5D2900ED80A0 /* CASUser.m in Sources */,
				7091A5F819CD7DAC00ED80A0 /* CASUserService.m in Sources */,
				7091A5DD19CD5CFC00ED80A0 /* CASSublet.m in Sources */,
				7091A5DA19CD475900ED80A0 /* CASGeoPoint.m in Sources */,
				7091A5FF19CD8DA500ED80A0 /* CASSubletService.m in Sources */,
				7091A5E019CD5D1200ED80A0 /* CASToken.m in Sources */,
				7091A5EC19CD672B00ED80A0 /* CASHTTPAPIClient.m in Sources */,
				7091A5F219CD786400ED80A0 /* CASAPIClient.m in Sources */,
				7091A60219CD904700ED80A0 /* CASSubletQuery.m in Sources */,
				7091A5D419CD420900ED80A0 /* CASAppDelegate.m in Sources */,
				7091A5AF19CD3F8800ED80A0 /* main.m in Sources */,
			);
			runOnlyForDeploymentPostprocessing = 0;
		};
		7091A5B619CD3F8800ED80A0 /* Sources */ = {
			isa = PBXSourcesBuildPhase;
			buildActionMask = 2147483647;
			files = (
				7091A5C819CD3F8800ED80A0 /* CasaTests.m in Sources */,
			);
			runOnlyForDeploymentPostprocessing = 0;
		};
/* End PBXSourcesBuildPhase section */

/* Begin PBXTargetDependency section */
		7091A5C019CD3F8800ED80A0 /* PBXTargetDependency */ = {
			isa = PBXTargetDependency;
			target = 7091A59E19CD3F8800ED80A0 /* Casa */;
			targetProxy = 7091A5BF19CD3F8800ED80A0 /* PBXContainerItemProxy */;
		};
/* End PBXTargetDependency section */

/* Begin PBXVariantGroup section */
		7091A5AB19CD3F8800ED80A0 /* InfoPlist.strings */ = {
			isa = PBXVariantGroup;
			children = (
				7091A5AC19CD3F8800ED80A0 /* en */,
			);
			name = InfoPlist.strings;
			sourceTree = "<group>";
		};
		7091A5C419CD3F8800ED80A0 /* InfoPlist.strings */ = {
			isa = PBXVariantGroup;
			children = (
				7091A5C519CD3F8800ED80A0 /* en */,
			);
			name = InfoPlist.strings;
			sourceTree = "<group>";
		};
/* End PBXVariantGroup section */

/* Begin XCBuildConfiguration section */
		7091A5C919CD3F8800ED80A0 /* Debug */ = {
			isa = XCBuildConfiguration;
			buildSettings = {
				ALWAYS_SEARCH_USER_PATHS = NO;
				CLANG_CXX_LANGUAGE_STANDARD = "gnu++0x";
				CLANG_CXX_LIBRARY = "libc++";
				CLANG_ENABLE_MODULES = YES;
				CLANG_ENABLE_OBJC_ARC = YES;
				CLANG_WARN_BOOL_CONVERSION = YES;
				CLANG_WARN_CONSTANT_CONVERSION = YES;
				CLANG_WARN_DIRECT_OBJC_ISA_USAGE = YES_ERROR;
				CLANG_WARN_EMPTY_BODY = YES;
				CLANG_WARN_ENUM_CONVERSION = YES;
				CLANG_WARN_INT_CONVERSION = YES;
				CLANG_WARN_OBJC_ROOT_CLASS = YES_ERROR;
				CLANG_WARN__DUPLICATE_METHOD_MATCH = YES;
				"CODE_SIGN_IDENTITY[sdk=iphoneos*]" = "iPhone Developer";
				COPY_PHASE_STRIP = NO;
				GCC_C_LANGUAGE_STANDARD = gnu99;
				GCC_DYNAMIC_NO_PIC = NO;
				GCC_OPTIMIZATION_LEVEL = 0;
				GCC_PREPROCESSOR_DEFINITIONS = (
					"DEBUG=1",
					"$(inherited)",
				);
				GCC_SYMBOLS_PRIVATE_EXTERN = NO;
				GCC_WARN_64_TO_32_BIT_CONVERSION = YES;
				GCC_WARN_ABOUT_RETURN_TYPE = YES_ERROR;
				GCC_WARN_UNDECLARED_SELECTOR = YES;
				GCC_WARN_UNINITIALIZED_AUTOS = YES_AGGRESSIVE;
				GCC_WARN_UNUSED_FUNCTION = YES;
				GCC_WARN_UNUSED_VARIABLE = YES;
				IPHONEOS_DEPLOYMENT_TARGET = 7.1;
				ONLY_ACTIVE_ARCH = YES;
				SDKROOT = iphoneos;
				TARGETED_DEVICE_FAMILY = "1,2";
			};
			name = Debug;
		};
		7091A5CA19CD3F8800ED80A0 /* Release */ = {
			isa = XCBuildConfiguration;
			buildSettings = {
				ALWAYS_SEARCH_USER_PATHS = NO;
				CLANG_CXX_LANGUAGE_STANDARD = "gnu++0x";
				CLANG_CXX_LIBRARY = "libc++";
				CLANG_ENABLE_MODULES = YES;
				CLANG_ENABLE_OBJC_ARC = YES;
				CLANG_WARN_BOOL_CONVERSION = YES;
				CLANG_WARN_CONSTANT_CONVERSION = YES;
				CLANG_WARN_DIRECT_OBJC_ISA_USAGE = YES_ERROR;
				CLANG_WARN_EMPTY_BODY = YES;
				CLANG_WARN_ENUM_CONVERSION = YES;
				CLANG_WARN_INT_CONVERSION = YES;
				CLANG_WARN_OBJC_ROOT_CLASS = YES_ERROR;
				CLANG_WARN__DUPLICATE_METHOD_MATCH = YES;
				"CODE_SIGN_IDENTITY[sdk=iphoneos*]" = "iPhone Developer";
				COPY_PHASE_STRIP = YES;
				ENABLE_NS_ASSERTIONS = NO;
				GCC_C_LANGUAGE_STANDARD = gnu99;
				GCC_WARN_64_TO_32_BIT_CONVERSION = YES;
				GCC_WARN_ABOUT_RETURN_TYPE = YES_ERROR;
				GCC_WARN_UNDECLARED_SELECTOR = YES;
				GCC_WARN_UNINITIALIZED_AUTOS = YES_AGGRESSIVE;
				GCC_WARN_UNUSED_FUNCTION = YES;
				GCC_WARN_UNUSED_VARIABLE = YES;
				IPHONEOS_DEPLOYMENT_TARGET = 7.1;
				SDKROOT = iphoneos;
				TARGETED_DEVICE_FAMILY = "1,2";
				VALIDATE_PRODUCT = YES;
			};
			name = Release;
		};
		7091A5CC19CD3F8800ED80A0 /* Debug */ = {
			isa = XCBuildConfiguration;
			baseConfigurationReference = CCF9D5936FB2421EAFB4B595 /* Pods-Casa.xcconfig */;
			buildSettings = {
				ASSETCATALOG_COMPILER_APPICON_NAME = AppIcon;
				ASSETCATALOG_COMPILER_LAUNCHIMAGE_NAME = LaunchImage;
				GCC_PRECOMPILE_PREFIX_HEADER = YES;
				GCC_PREFIX_HEADER = "Casa/Casa-Prefix.pch";
				INFOPLIST_FILE = "Casa/Casa-Info.plist";
				PRODUCT_NAME = "$(TARGET_NAME)";
				WRAPPER_EXTENSION = app;
			};
			name = Debug;
		};
		7091A5CD19CD3F8800ED80A0 /* Release */ = {
			isa = XCBuildConfiguration;
			baseConfigurationReference = CCF9D5936FB2421EAFB4B595 /* Pods-Casa.xcconfig */;
			buildSettings = {
				ASSETCATALOG_COMPILER_APPICON_NAME = AppIcon;
				ASSETCATALOG_COMPILER_LAUNCHIMAGE_NAME = LaunchImage;
				GCC_PRECOMPILE_PREFIX_HEADER = YES;
				GCC_PREFIX_HEADER = "Casa/Casa-Prefix.pch";
				INFOPLIST_FILE = "Casa/Casa-Info.plist";
				PRODUCT_NAME = "$(TARGET_NAME)";
				WRAPPER_EXTENSION = app;
			};
			name = Release;
		};
		7091A5CF19CD3F8800ED80A0 /* Debug */ = {
			isa = XCBuildConfiguration;
			buildSettings = {
				BUNDLE_LOADER = "$(BUILT_PRODUCTS_DIR)/Casa.app/Casa";
				FRAMEWORK_SEARCH_PATHS = (
					"$(SDKROOT)/Developer/Library/Frameworks",
					"$(inherited)",
					"$(DEVELOPER_FRAMEWORKS_DIR)",
				);
				GCC_PRECOMPILE_PREFIX_HEADER = YES;
				GCC_PREFIX_HEADER = "Casa/Casa-Prefix.pch";
				GCC_PREPROCESSOR_DEFINITIONS = (
					"DEBUG=1",
					"$(inherited)",
				);
				INFOPLIST_FILE = "CasaTests/CasaTests-Info.plist";
				PRODUCT_NAME = "$(TARGET_NAME)";
				TEST_HOST = "$(BUNDLE_LOADER)";
				WRAPPER_EXTENSION = xctest;
			};
			name = Debug;
		};
		7091A5D019CD3F8800ED80A0 /* Release */ = {
			isa = XCBuildConfiguration;
			buildSettings = {
				BUNDLE_LOADER = "$(BUILT_PRODUCTS_DIR)/Casa.app/Casa";
				FRAMEWORK_SEARCH_PATHS = (
					"$(SDKROOT)/Developer/Library/Frameworks",
					"$(inherited)",
					"$(DEVELOPER_FRAMEWORKS_DIR)",
				);
				GCC_PRECOMPILE_PREFIX_HEADER = YES;
				GCC_PREFIX_HEADER = "Casa/Casa-Prefix.pch";
				INFOPLIST_FILE = "CasaTests/CasaTests-Info.plist";
				PRODUCT_NAME = "$(TARGET_NAME)";
				TEST_HOST = "$(BUNDLE_LOADER)";
				WRAPPER_EXTENSION = xctest;
			};
			name = Release;
		};
/* End XCBuildConfiguration section */

/* Begin XCConfigurationList section */
		7091A59A19CD3F8800ED80A0 /* Build configuration list for PBXProject "Casa" */ = {
			isa = XCConfigurationList;
			buildConfigurations = (
				7091A5C919CD3F8800ED80A0 /* Debug */,
				7091A5CA19CD3F8800ED80A0 /* Release */,
			);
			defaultConfigurationIsVisible = 0;
			defaultConfigurationName = Release;
		};
		7091A5CB19CD3F8800ED80A0 /* Build configuration list for PBXNativeTarget "Casa" */ = {
			isa = XCConfigurationList;
			buildConfigurations = (
				7091A5CC19CD3F8800ED80A0 /* Debug */,
				7091A5CD19CD3F8800ED80A0 /* Release */,
			);
			defaultConfigurationIsVisible = 0;
			defaultConfigurationName = Release;
		};
		7091A5CE19CD3F8800ED80A0 /* Build configuration list for PBXNativeTarget "CasaTests" */ = {
			isa = XCConfigurationList;
			buildConfigurations = (
				7091A5CF19CD3F8800ED80A0 /* Debug */,
				7091A5D019CD3F8800ED80A0 /* Release */,
			);
			defaultConfigurationIsVisible = 0;
			defaultConfigurationName = Release;
		};
/* End XCConfigurationList section */
	};
	rootObject = 7091A59719CD3F8800ED80A0 /* Project object */;
}
